
Microsoft Visual Studio Solution File, Format Version 12.00
# Visual Studio 15
VisualStudioVersion = 15.0.26403.7
MinimumVisualStudioVersion = 10.0.40219.1
Project("{FAE04EC0-301F-11D3-BF4B-00C04F79EFBC}") = "Foray.Console", "Foray.Console\Foray.Console.csproj", "{AF6367BC-B4F9-41DA-9DEE-D9D8C7C738E3}"
EndProject
Project("{FAE04EC0-301F-11D3-BF4B-00C04F79EFBC}") = "Foray.Lib", "Foray.Lib\Foray.Lib.csproj", "{7019C992-D20B-4DB0-A803-2CDB922ABEB0}"
EndProject
Project("{FAE04EC0-301F-11D3-BF4B-00C04F79EFBC}") = "Foray.Lib.Tests", "Foray.Lib.Tests\Foray.Lib.Tests.csproj", "{FDC4F71F-281F-4819-A525-F1A9D50D0D1E}"
EndProject
Project("{FAE04EC0-301F-11D3-BF4B-00C04F79EFBC}") = "Foray.Common", "Foray.Common\Foray.Common.csproj", "{902017A6-7A03-4534-A336-95960DF20CB3}"
EndProject
Project("{FAE04EC0-301F-11D3-BF4B-00C04F79EFBC}") = "Foray.Common.Tests", "Foray.Common.Tests\Foray.Common.Tests.csproj", "{EA12F707-9D1E-4E81-AC82-30FB2F489AB3}"
EndProject
Global
	GlobalSection(SolutionConfigurationPlatforms) = preSolution
		Debug|Any CPU = Debug|Any CPU
		Release|Any CPU = Release|Any CPU
	EndGlobalSection
	GlobalSection(ProjectConfigurationPlatforms) = postSolution
		{AF6367BC-B4F9-41DA-9DEE-D9D8C7C738E3}.Debug|Any CPU.ActiveCfg = Debug|Any CPU
		{AF6367BC-B4F9-41DA-9DEE-D9D8C7C738E3}.Debug|Any CPU.Build.0 = Debug|Any CPU
		{AF6367BC-B4F9-41DA-9DEE-D9D8C7C738E3}.Release|Any CPU.ActiveCfg = Release|Any CPU
		{AF6367BC-B4F9-41DA-9DEE-D9D8C7C738E3}.Release|Any CPU.Build.0 = Release|Any CPU
		{7019C992-D20B-4DB0-A803-2CDB922ABEB0}.Debug|Any CPU.ActiveCfg = Debug|Any CPU
		{7019C992-D20B-4DB0-A803-2CDB922ABEB0}.Debug|Any CPU.Build.0 = Debug|Any CPU
		{7019C992-D20B-4DB0-A803-2CDB922ABEB0}.Release|Any CPU.ActiveCfg = Release|Any CPU
		{7019C992-D20B-4DB0-A803-2CDB922ABEB0}.Release|Any CPU.Build.0 = Release|Any CPU
		{FDC4F71F-281F-4819-A525-F1A9D50D0D1E}.Debug|Any CPU.ActiveCfg = Debug|Any CPU
		{FDC4F71F-281F-4819-A525-F1A9D50D0D1E}.Debug|Any CPU.Build.0 = Debug|Any CPU
		{FDC4F71F-281F-4819-A525-F1A9D50D0D1E}.Release|Any CPU.ActiveCfg = Release|Any CPU
		{FDC4F71F-281F-4819-A525-F1A9D50D0D1E}.Release|Any CPU.Build.0 = Release|Any CPU
		{902017A6-7A03-4534-A336-95960DF20CB3}.Debug|Any CPU.ActiveCfg = Debug|Any CPU
		{902017A6-7A03-4534-A336-95960DF20CB3}.Debug|Any CPU.Build.0 = Debug|Any CPU
		{902017A6-7A03-4534-A336-95960DF20CB3}.Release|Any CPU.ActiveCfg = Release|Any CPU
		{902017A6-7A03-4534-A336-95960DF20CB3}.Release|Any CPU.Build.0 = Release|Any CPU
		{EA12F707-9D1E-4E81-AC82-30FB2F489AB3}.Debug|Any CPU.ActiveCfg = Debug|Any CPU
		{EA12F707-9D1E-4E81-AC82-30FB2F489AB3}.Debug|Any CPU.Build.0 = Debug|Any CPU
		{EA12F707-9D1E-4E81-AC82-30FB2F489AB3}.Release|Any CPU.ActiveCfg = Release|Any CPU
		{EA12F707-9D1E-4E81-AC82-30FB2F489AB3}.Release|Any CPU.Build.0 = Release|Any CPU
	EndGlobalSection
	GlobalSection(SolutionProperties) = preSolution
		HideSolutionNode = FALSE
	EndGlobalSection
EndGlobal
